
Microsoft Visual Studio Solution File, Format Version 12.00
# Visual Studio Version 17
VisualStudioVersion = 17.9.34607.119
MinimumVisualStudioVersion = 10.0.40219.1
Project("{FAE04EC0-301F-11D3-BF4B-00C04F79EFBC}") = "ParkingSystemGUI", "ParkingSystemGUI.csproj", "{55E14DED-CC86-49C0-8BAA-6FBE93F46995}"
EndProject
Global
	GlobalSection(SolutionConfigurationPlatforms) = preSolution
		Debug|Any CPU = Debug|Any CPU
		Release|Any CPU = Release|Any CPU
	EndGlobalSection
	GlobalSection(ProjectConfigurationPlatforms) = postSolution
		{55E14DED-CC86-49C0-8BAA-6FBE93F46995}.Debug|Any CPU.ActiveCfg = Debug|Any CPU
		{55E14DED-CC86-49C0-8BAA-6FBE93F46995}.Debug|Any CPU.Build.0 = Debug|Any CPU
		{55E14DED-CC86-49C0-8BAA-6FBE93F46995}.Release|Any CPU.ActiveCfg = Release|Any CPU
		{55E14DED-CC86-49C0-8BAA-6FBE93F46995}.Release|Any CPU.Build.0 = Release|Any CPU
	EndGlobalSection
	GlobalSection(SolutionProperties) = preSolution
		HideSolutionNode = FALSE
	EndGlobalSection
	GlobalSection(ExtensibilityGlobals) = postSolution
		SolutionGuid = {7D64044B-1F29-4BF2-8E45-7D89F9D7400C}
	EndGlobalSection
EndGlobal
